
Microsoft Visual Studio Solution File, Format Version 12.00
# Visual Studio Version 16
VisualStudioVersion = 16.0.33328.57
MinimumVisualStudioVersion = 10.0.40219.1
Project("{9A19103F-16F7-4668-BE54-9A1E7A4F7556}") = "DanBookStore", "DanBookStore.csproj", "{5BE7FE53-1BC9-403C-B40B-6FEB3F51DDB1}"
EndProject
Project("{FAE04EC0-301F-11D3-BF4B-00C04F79EFBC}") = "DanBooks.DataAccess", "..\DanBooks.DataAccess\DanBooks.DataAccess.csproj", "{D5FBC231-07CA-42CE-99DC-C91B9BFE7A06}"
EndProject
Project("{FAE04EC0-301F-11D3-BF4B-00C04F79EFBC}") = "DanBooks.Models", "..\DanBooks.Models\DanBooks.Models.csproj", "{B9DA3D7F-EBC6-4EE8-916C-A4EF0DFE1765}"
EndProject
Project("{FAE04EC0-301F-11D3-BF4B-00C04F79EFBC}") = "DanBooks.Utility", "..\DanBooks.Utility\DanBooks.Utility.csproj", "{718605CA-E2BA-498D-BB64-2946C0E26D34}"
EndProject
Global
	GlobalSection(SolutionConfigurationPlatforms) = preSolution
		Debug|Any CPU = Debug|Any CPU
		Release|Any CPU = Release|Any CPU
	EndGlobalSection
	GlobalSection(ProjectConfigurationPlatforms) = postSolution
		{5BE7FE53-1BC9-403C-B40B-6FEB3F51DDB1}.Debug|Any CPU.ActiveCfg = Debug|Any CPU
		{5BE7FE53-1BC9-403C-B40B-6FEB3F51DDB1}.Debug|Any CPU.Build.0 = Debug|Any CPU
		{5BE7FE53-1BC9-403C-B40B-6FEB3F51DDB1}.Release|Any CPU.ActiveCfg = Release|Any CPU
		{5BE7FE53-1BC9-403C-B40B-6FEB3F51DDB1}.Release|Any CPU.Build.0 = Release|Any CPU
		{D5FBC231-07CA-42CE-99DC-C91B9BFE7A06}.Debug|Any CPU.ActiveCfg = Debug|Any CPU
		{D5FBC231-07CA-42CE-99DC-C91B9BFE7A06}.Debug|Any CPU.Build.0 = Debug|Any CPU
		{D5FBC231-07CA-42CE-99DC-C91B9BFE7A06}.Release|Any CPU.ActiveCfg = Release|Any CPU
		{D5FBC231-07CA-42CE-99DC-C91B9BFE7A06}.Release|Any CPU.Build.0 = Release|Any CPU
		{B9DA3D7F-EBC6-4EE8-916C-A4EF0DFE1765}.Debug|Any CPU.ActiveCfg = Debug|Any CPU
		{B9DA3D7F-EBC6-4EE8-916C-A4EF0DFE1765}.Debug|Any CPU.Build.0 = Debug|Any CPU
		{B9DA3D7F-EBC6-4EE8-916C-A4EF0DFE1765}.Release|Any CPU.ActiveCfg = Release|Any CPU
		{B9DA3D7F-EBC6-4EE8-916C-A4EF0DFE1765}.Release|Any CPU.Build.0 = Release|Any CPU
		{718605CA-E2BA-498D-BB64-2946C0E26D34}.Debug|Any CPU.ActiveCfg = Debug|Any CPU
		{718605CA-E2BA-498D-BB64-2946C0E26D34}.Debug|Any CPU.Build.0 = Debug|Any CPU
		{718605CA-E2BA-498D-BB64-2946C0E26D34}.Release|Any CPU.ActiveCfg = Release|Any CPU
		{718605CA-E2BA-498D-BB64-2946C0E26D34}.Release|Any CPU.Build.0 = Release|Any CPU
	EndGlobalSection
	GlobalSection(SolutionProperties) = preSolution
		HideSolutionNode = FALSE
	EndGlobalSection
	GlobalSection(ExtensibilityGlobals) = postSolution
		SolutionGuid = {2E79CC9C-EF95-4A76-B27E-C3A961BE65B1}
	EndGlobalSection
EndGlobal
